
Microsoft Visual Studio Solution File, Format Version 12.00
# Visual Studio Version 16
VisualStudioVersion = 16.0.30204.135
MinimumVisualStudioVersion = 10.0.40219.1
Project("{FAE04EC0-301F-11D3-BF4B-00C04F79EFBC}") = "ExceptionTestApp", "ExceptionTestApp\ExceptionTestApp.csproj", "{3D25B0B7-F8AF-4E84-A09C-9BBEDCA7906A}"
EndProject
Global
	GlobalSection(SolutionConfigurationPlatforms) = preSolution
		Debug|Any CPU = Debug|Any CPU
		Release|Any CPU = Release|Any CPU
	EndGlobalSection
	GlobalSection(ProjectConfigurationPlatforms) = postSolution
		{3D25B0B7-F8AF-4E84-A09C-9BBEDCA7906A}.Debug|Any CPU.ActiveCfg = Debug|Any CPU
		{3D25B0B7-F8AF-4E84-A09C-9BBEDCA7906A}.Debug|Any CPU.Build.0 = Debug|Any CPU
		{3D25B0B7-F8AF-4E84-A09C-9BBEDCA7906A}.Release|Any CPU.ActiveCfg = Release|Any CPU
		{3D25B0B7-F8AF-4E84-A09C-9BBEDCA7906A}.Release|Any CPU.Build.0 = Release|Any CPU
	EndGlobalSection
	GlobalSection(SolutionProperties) = preSolution
		HideSolutionNode = FALSE
	EndGlobalSection
	GlobalSection(ExtensibilityGlobals) = postSolution
		SolutionGuid = {9A857DDB-32AB-43ED-A08A-99386424A783}
	EndGlobalSection
EndGlobal
