
Microsoft Visual Studio Solution File, Format Version 12.00
# Visual Studio Version 16
VisualStudioVersion = 16.0.30204.135
MinimumVisualStudioVersion = 10.0.40219.1
Project("{FAE04EC0-301F-11D3-BF4B-00C04F79EFBC}") = "WindowsFormsApp1", "WindowsFormsApp1.csproj", "{34A531D8-0751-4295-BD53-B9DF34E2AFFA}"
EndProject
Project("{FAE04EC0-301F-11D3-BF4B-00C04F79EFBC}") = "cloock", "..\cloock\cloock.csproj", "{D5CAB1B5-A374-4B8B-93CE-ACFF30A86473}"
EndProject
Project("{FAE04EC0-301F-11D3-BF4B-00C04F79EFBC}") = "ButtonTestApp", "..\ButtonTestApp\ButtonTestApp.csproj", "{FA89CD52-FF59-4F64-8584-F9A5810978AC}"
EndProject
Project("{FAE04EC0-301F-11D3-BF4B-00C04F79EFBC}") = "CheckBoxTestApp", "..\CheckBoxTestApp\CheckBoxTestApp.csproj", "{1FE88F3F-E61A-4EB5-89B6-94FD675D85FE}"
EndProject
Project("{FAE04EC0-301F-11D3-BF4B-00C04F79EFBC}") = "radioButtonTestApp", "..\radioButtonTestApp\radioButtonTestApp.csproj", "{96C4A039-2BE7-4C25-A5CE-3C90CE6811FB}"
EndProject
Project("{FAE04EC0-301F-11D3-BF4B-00C04F79EFBC}") = "LoginTest", "..\LoginTest\LoginTest.csproj", "{582009DB-78A0-4593-9783-CBFD24CD29E6}"
EndProject
Project("{FAE04EC0-301F-11D3-BF4B-00C04F79EFBC}") = "ListControlTestApp", "..\ListControlTestApp\ListControlTestApp.csproj", "{3E369566-5B8D-4806-9FC8-2C3E020D0DEB}"
EndProject
Project("{FAE04EC0-301F-11D3-BF4B-00C04F79EFBC}") = "CheckListTestApp", "..\CheckListTestApp\CheckListTestApp.csproj", "{8213F72C-47E6-457E-8F5A-E7C7D0B444F2}"
EndProject
Project("{FAE04EC0-301F-11D3-BF4B-00C04F79EFBC}") = "ModalDlgApp", "..\ModalDlgApp\ModalDlgApp.csproj", "{8B4E8267-D6D4-4233-AB18-F9B54BCC3AD5}"
EndProject
Project("{FAE04EC0-301F-11D3-BF4B-00C04F79EFBC}") = "OpenFileDlgApp", "..\OpenFileDlgApp\OpenFileDlgApp.csproj", "{4EB838BE-569D-4B8B-8350-7C90E15AB789}"
EndProject
Project("{FAE04EC0-301F-11D3-BF4B-00C04F79EFBC}") = "MainMenuApp", "..\MainMenuApp\MainMenuApp.csproj", "{7E183615-6E08-4891-B174-CA3B94D10A25}"
EndProject
Project("{FAE04EC0-301F-11D3-BF4B-00C04F79EFBC}") = "ViewControlApp", "..\ViewControlApp\ViewControlApp.csproj", "{0817260A-28F6-4D39-BD07-969EDC334562}"
EndProject
Project("{FAE04EC0-301F-11D3-BF4B-00C04F79EFBC}") = "TreeViewApp", "..\TreeViewApp\TreeViewApp.csproj", "{BB473C6D-882D-49DE-AEDB-421ACBE07ED1}"
EndProject
Project("{FAE04EC0-301F-11D3-BF4B-00C04F79EFBC}") = "ProgressApp", "..\ProgressApp\ProgressApp.csproj", "{FC7DDE9C-9BC7-4571-8FA6-1048340D3871}"
EndProject
Project("{FAE04EC0-301F-11D3-BF4B-00C04F79EFBC}") = "AnimationApp", "..\AnimationApp\AnimationApp.csproj", "{80C68B72-FA51-4FA9-A94D-8066C5AA00E1}"
EndProject
Project("{FAE04EC0-301F-11D3-BF4B-00C04F79EFBC}") = "GraphicApp", "..\GraphicApp\GraphicApp.csproj", "{076E8C80-E7EE-4035-BFDC-97AF10803D92}"
EndProject
Global
	GlobalSection(SolutionConfigurationPlatforms) = preSolution
		Debug|Any CPU = Debug|Any CPU
		Release|Any CPU = Release|Any CPU
	EndGlobalSection
	GlobalSection(ProjectConfigurationPlatforms) = postSolution
		{34A531D8-0751-4295-BD53-B9DF34E2AFFA}.Debug|Any CPU.ActiveCfg = Debug|Any CPU
		{34A531D8-0751-4295-BD53-B9DF34E2AFFA}.Debug|Any CPU.Build.0 = Debug|Any CPU
		{34A531D8-0751-4295-BD53-B9DF34E2AFFA}.Release|Any CPU.ActiveCfg = Release|Any CPU
		{34A531D8-0751-4295-BD53-B9DF34E2AFFA}.Release|Any CPU.Build.0 = Release|Any CPU
		{D5CAB1B5-A374-4B8B-93CE-ACFF30A86473}.Debug|Any CPU.ActiveCfg = Debug|Any CPU
		{D5CAB1B5-A374-4B8B-93CE-ACFF30A86473}.Debug|Any CPU.Build.0 = Debug|Any CPU
		{D5CAB1B5-A374-4B8B-93CE-ACFF30A86473}.Release|Any CPU.ActiveCfg = Release|Any CPU
		{D5CAB1B5-A374-4B8B-93CE-ACFF30A86473}.Release|Any CPU.Build.0 = Release|Any CPU
		{FA89CD52-FF59-4F64-8584-F9A5810978AC}.Debug|Any CPU.ActiveCfg = Debug|Any CPU
		{FA89CD52-FF59-4F64-8584-F9A5810978AC}.Debug|Any CPU.Build.0 = Debug|Any CPU
		{FA89CD52-FF59-4F64-8584-F9A5810978AC}.Release|Any CPU.ActiveCfg = Release|Any CPU
		{FA89CD52-FF59-4F64-8584-F9A5810978AC}.Release|Any CPU.Build.0 = Release|Any CPU
		{1FE88F3F-E61A-4EB5-89B6-94FD675D85FE}.Debug|Any CPU.ActiveCfg = Debug|Any CPU
		{1FE88F3F-E61A-4EB5-89B6-94FD675D85FE}.Debug|Any CPU.Build.0 = Debug|Any CPU
		{1FE88F3F-E61A-4EB5-89B6-94FD675D85FE}.Release|Any CPU.ActiveCfg = Release|Any CPU
		{1FE88F3F-E61A-4EB5-89B6-94FD675D85FE}.Release|Any CPU.Build.0 = Release|Any CPU
		{96C4A039-2BE7-4C25-A5CE-3C90CE6811FB}.Debug|Any CPU.ActiveCfg = Debug|Any CPU
		{96C4A039-2BE7-4C25-A5CE-3C90CE6811FB}.Debug|Any CPU.Build.0 = Debug|Any CPU
		{96C4A039-2BE7-4C25-A5CE-3C90CE6811FB}.Release|Any CPU.ActiveCfg = Release|Any CPU
		{96C4A039-2BE7-4C25-A5CE-3C90CE6811FB}.Release|Any CPU.Build.0 = Release|Any CPU
		{582009DB-78A0-4593-9783-CBFD24CD29E6}.Debug|Any CPU.ActiveCfg = Debug|Any CPU
		{582009DB-78A0-4593-9783-CBFD24CD29E6}.Debug|Any CPU.Build.0 = Debug|Any CPU
		{582009DB-78A0-4593-9783-CBFD24CD29E6}.Release|Any CPU.ActiveCfg = Release|Any CPU
		{582009DB-78A0-4593-9783-CBFD24CD29E6}.Release|Any CPU.Build.0 = Release|Any CPU
		{3E369566-5B8D-4806-9FC8-2C3E020D0DEB}.Debug|Any CPU.ActiveCfg = Debug|Any CPU
		{3E369566-5B8D-4806-9FC8-2C3E020D0DEB}.Debug|Any CPU.Build.0 = Debug|Any CPU
		{3E369566-5B8D-4806-9FC8-2C3E020D0DEB}.Release|Any CPU.ActiveCfg = Release|Any CPU
		{3E369566-5B8D-4806-9FC8-2C3E020D0DEB}.Release|Any CPU.Build.0 = Release|Any CPU
		{8213F72C-47E6-457E-8F5A-E7C7D0B444F2}.Debug|Any CPU.ActiveCfg = Debug|Any CPU
		{8213F72C-47E6-457E-8F5A-E7C7D0B444F2}.Debug|Any CPU.Build.0 = Debug|Any CPU
		{8213F72C-47E6-457E-8F5A-E7C7D0B444F2}.Release|Any CPU.ActiveCfg = Release|Any CPU
		{8213F72C-47E6-457E-8F5A-E7C7D0B444F2}.Release|Any CPU.Build.0 = Release|Any CPU
		{8B4E8267-D6D4-4233-AB18-F9B54BCC3AD5}.Debug|Any CPU.ActiveCfg = Debug|Any CPU
		{8B4E8267-D6D4-4233-AB18-F9B54BCC3AD5}.Debug|Any CPU.Build.0 = Debug|Any CPU
		{8B4E8267-D6D4-4233-AB18-F9B54BCC3AD5}.Release|Any CPU.ActiveCfg = Release|Any CPU
		{8B4E8267-D6D4-4233-AB18-F9B54BCC3AD5}.Release|Any CPU.Build.0 = Release|Any CPU
		{4EB838BE-569D-4B8B-8350-7C90E15AB789}.Debug|Any CPU.ActiveCfg = Debug|Any CPU
		{4EB838BE-569D-4B8B-8350-7C90E15AB789}.Debug|Any CPU.Build.0 = Debug|Any CPU
		{4EB838BE-569D-4B8B-8350-7C90E15AB789}.Release|Any CPU.ActiveCfg = Release|Any CPU
		{4EB838BE-569D-4B8B-8350-7C90E15AB789}.Release|Any CPU.Build.0 = Release|Any CPU
		{7E183615-6E08-4891-B174-CA3B94D10A25}.Debug|Any CPU.ActiveCfg = Debug|Any CPU
		{7E183615-6E08-4891-B174-CA3B94D10A25}.Debug|Any CPU.Build.0 = Debug|Any CPU
		{7E183615-6E08-4891-B174-CA3B94D10A25}.Release|Any CPU.ActiveCfg = Release|Any CPU
		{7E183615-6E08-4891-B174-CA3B94D10A25}.Release|Any CPU.Build.0 = Release|Any CPU
		{0817260A-28F6-4D39-BD07-969EDC334562}.Debug|Any CPU.ActiveCfg = Debug|Any CPU
		{0817260A-28F6-4D39-BD07-969EDC334562}.Debug|Any CPU.Build.0 = Debug|Any CPU
		{0817260A-28F6-4D39-BD07-969EDC334562}.Release|Any CPU.ActiveCfg = Release|Any CPU
		{0817260A-28F6-4D39-BD07-969EDC334562}.Release|Any CPU.Build.0 = Release|Any CPU
		{BB473C6D-882D-49DE-AEDB-421ACBE07ED1}.Debug|Any CPU.ActiveCfg = Debug|Any CPU
		{BB473C6D-882D-49DE-AEDB-421ACBE07ED1}.Debug|Any CPU.Build.0 = Debug|Any CPU
		{BB473C6D-882D-49DE-AEDB-421ACBE07ED1}.Release|Any CPU.ActiveCfg = Release|Any CPU
		{BB473C6D-882D-49DE-AEDB-421ACBE07ED1}.Release|Any CPU.Build.0 = Release|Any CPU
		{FC7DDE9C-9BC7-4571-8FA6-1048340D3871}.Debug|Any CPU.ActiveCfg = Debug|Any CPU
		{FC7DDE9C-9BC7-4571-8FA6-1048340D3871}.Debug|Any CPU.Build.0 = Debug|Any CPU
		{FC7DDE9C-9BC7-4571-8FA6-1048340D3871}.Release|Any CPU.ActiveCfg = Release|Any CPU
		{FC7DDE9C-9BC7-4571-8FA6-1048340D3871}.Release|Any CPU.Build.0 = Release|Any CPU
		{80C68B72-FA51-4FA9-A94D-8066C5AA00E1}.Debug|Any CPU.ActiveCfg = Debug|Any CPU
		{80C68B72-FA51-4FA9-A94D-8066C5AA00E1}.Debug|Any CPU.Build.0 = Debug|Any CPU
		{80C68B72-FA51-4FA9-A94D-8066C5AA00E1}.Release|Any CPU.ActiveCfg = Release|Any CPU
		{80C68B72-FA51-4FA9-A94D-8066C5AA00E1}.Release|Any CPU.Build.0 = Release|Any CPU
		{076E8C80-E7EE-4035-BFDC-97AF10803D92}.Debug|Any CPU.ActiveCfg = Debug|Any CPU
		{076E8C80-E7EE-4035-BFDC-97AF10803D92}.Debug|Any CPU.Build.0 = Debug|Any CPU
		{076E8C80-E7EE-4035-BFDC-97AF10803D92}.Release|Any CPU.ActiveCfg = Release|Any CPU
		{076E8C80-E7EE-4035-BFDC-97AF10803D92}.Release|Any CPU.Build.0 = Release|Any CPU
	EndGlobalSection
	GlobalSection(SolutionProperties) = preSolution
		HideSolutionNode = FALSE
	EndGlobalSection
	GlobalSection(ExtensibilityGlobals) = postSolution
		SolutionGuid = {B7C38471-840C-4DDF-B944-1479DFF1E275}
	EndGlobalSection
EndGlobal
