
Microsoft Visual Studio Solution File, Format Version 12.00
# Visual Studio Version 16
VisualStudioVersion = 16.0.30204.135
MinimumVisualStudioVersion = 10.0.40219.1
Project("{FAE04EC0-301F-11D3-BF4B-00C04F79EFBC}") = "WindowsFormsApp1", "WindowsFormsApp1.csproj", "{34A531D8-0751-4295-BD53-B9DF34E2AFFA}"
EndProject
Project("{FAE04EC0-301F-11D3-BF4B-00C04F79EFBC}") = "cloock", "..\cloock\cloock.csproj", "{D5CAB1B5-A374-4B8B-93CE-ACFF30A86473}"
EndProject
Global
	GlobalSection(SolutionConfigurationPlatforms) = preSolution
		Debug|Any CPU = Debug|Any CPU
		Release|Any CPU = Release|Any CPU
	EndGlobalSection
	GlobalSection(ProjectConfigurationPlatforms) = postSolution
		{34A531D8-0751-4295-BD53-B9DF34E2AFFA}.Debug|Any CPU.ActiveCfg = Debug|Any CPU
		{34A531D8-0751-4295-BD53-B9DF34E2AFFA}.Debug|Any CPU.Build.0 = Debug|Any CPU
		{34A531D8-0751-4295-BD53-B9DF34E2AFFA}.Release|Any CPU.ActiveCfg = Release|Any CPU
		{34A531D8-0751-4295-BD53-B9DF34E2AFFA}.Release|Any CPU.Build.0 = Release|Any CPU
		{D5CAB1B5-A374-4B8B-93CE-ACFF30A86473}.Debug|Any CPU.ActiveCfg = Debug|Any CPU
		{D5CAB1B5-A374-4B8B-93CE-ACFF30A86473}.Debug|Any CPU.Build.0 = Debug|Any CPU
		{D5CAB1B5-A374-4B8B-93CE-ACFF30A86473}.Release|Any CPU.ActiveCfg = Release|Any CPU
		{D5CAB1B5-A374-4B8B-93CE-ACFF30A86473}.Release|Any CPU.Build.0 = Release|Any CPU
	EndGlobalSection
	GlobalSection(SolutionProperties) = preSolution
		HideSolutionNode = FALSE
	EndGlobalSection
	GlobalSection(ExtensibilityGlobals) = postSolution
		SolutionGuid = {B7C38471-840C-4DDF-B944-1479DFF1E275}
	EndGlobalSection
EndGlobal
